
Microsoft Visual Studio Solution File, Format Version 12.00
# Visual Studio Version 16
VisualStudioVersion = 16.0.30002.166
MinimumVisualStudioVersion = 10.0.40219.1
Project("{FAE04EC0-301F-11D3-BF4B-00C04F79EFBC}") = "Reforged Launcher Restarter", "Reforged Launcher Restarter.csproj", "{2254B6B3-F9C5-47A5-9179-6D9E4D1F52C2}"
EndProject
Global
	GlobalSection(SolutionConfigurationPlatforms) = preSolution
		Debug|Any CPU = Debug|Any CPU
		Release|Any CPU = Release|Any CPU
	EndGlobalSection
	GlobalSection(ProjectConfigurationPlatforms) = postSolution
		{2254B6B3-F9C5-47A5-9179-6D9E4D1F52C2}.Debug|Any CPU.ActiveCfg = Debug|Any CPU
		{2254B6B3-F9C5-47A5-9179-6D9E4D1F52C2}.Debug|Any CPU.Build.0 = Debug|Any CPU
		{2254B6B3-F9C5-47A5-9179-6D9E4D1F52C2}.Release|Any CPU.ActiveCfg = Release|Any CPU
		{2254B6B3-F9C5-47A5-9179-6D9E4D1F52C2}.Release|Any CPU.Build.0 = Release|Any CPU
	EndGlobalSection
	GlobalSection(SolutionProperties) = preSolution
		HideSolutionNode = FALSE
	EndGlobalSection
	GlobalSection(ExtensibilityGlobals) = postSolution
		SolutionGuid = {7FA7A2D5-F60E-4A0D-B760-A25123FFAAE7}
	EndGlobalSection
EndGlobal
